
Microsoft Visual Studio Solution File, Format Version 12.00
# Visual Studio Version 16
VisualStudioVersion = 16.0.33328.57
MinimumVisualStudioVersion = 10.0.40219.1
Project("{FAE04EC0-301F-11D3-BF4B-00C04F79EFBC}") = "songsesoon_ex1", "songsesoon_ex1\songsesoon_ex1.csproj", "{A50F09AD-A827-4789-8E99-F584C92D28EB}"
EndProject
Project("{FAE04EC0-301F-11D3-BF4B-00C04F79EFBC}") = "songsesoon_ex2", "songsesoon_ex2\songsesoon_ex2.csproj", "{BF38BB4D-1E9E-4EE2-82A0-A94BAB65490A}"
EndProject
Project("{FAE04EC0-301F-11D3-BF4B-00C04F79EFBC}") = "songsesoon_ex3", "songsesoon_ex3\songsesoon_ex3.csproj", "{374B93EF-8117-4E83-B4C0-A27742666221}"
EndProject
Project("{FAE04EC0-301F-11D3-BF4B-00C04F79EFBC}") = "songsesoon_ex4", "songsesoon_ex4\songsesoon_ex4.csproj", "{EE56388F-7E84-42BD-9FF5-BB034601B399}"
EndProject
Global
	GlobalSection(SolutionConfigurationPlatforms) = preSolution
		Debug|Any CPU = Debug|Any CPU
		Release|Any CPU = Release|Any CPU
	EndGlobalSection
	GlobalSection(ProjectConfigurationPlatforms) = postSolution
		{A50F09AD-A827-4789-8E99-F584C92D28EB}.Debug|Any CPU.ActiveCfg = Debug|Any CPU
		{A50F09AD-A827-4789-8E99-F584C92D28EB}.Debug|Any CPU.Build.0 = Debug|Any CPU
		{A50F09AD-A827-4789-8E99-F584C92D28EB}.Release|Any CPU.ActiveCfg = Release|Any CPU
		{A50F09AD-A827-4789-8E99-F584C92D28EB}.Release|Any CPU.Build.0 = Release|Any CPU
		{BF38BB4D-1E9E-4EE2-82A0-A94BAB65490A}.Debug|Any CPU.ActiveCfg = Debug|Any CPU
		{BF38BB4D-1E9E-4EE2-82A0-A94BAB65490A}.Debug|Any CPU.Build.0 = Debug|Any CPU
		{BF38BB4D-1E9E-4EE2-82A0-A94BAB65490A}.Release|Any CPU.ActiveCfg = Release|Any CPU
		{BF38BB4D-1E9E-4EE2-82A0-A94BAB65490A}.Release|Any CPU.Build.0 = Release|Any CPU
		{374B93EF-8117-4E83-B4C0-A27742666221}.Debug|Any CPU.ActiveCfg = Debug|Any CPU
		{374B93EF-8117-4E83-B4C0-A27742666221}.Debug|Any CPU.Build.0 = Debug|Any CPU
		{374B93EF-8117-4E83-B4C0-A27742666221}.Release|Any CPU.ActiveCfg = Release|Any CPU
		{374B93EF-8117-4E83-B4C0-A27742666221}.Release|Any CPU.Build.0 = Release|Any CPU
		{EE56388F-7E84-42BD-9FF5-BB034601B399}.Debug|Any CPU.ActiveCfg = Debug|Any CPU
		{EE56388F-7E84-42BD-9FF5-BB034601B399}.Debug|Any CPU.Build.0 = Debug|Any CPU
		{EE56388F-7E84-42BD-9FF5-BB034601B399}.Release|Any CPU.ActiveCfg = Release|Any CPU
		{EE56388F-7E84-42BD-9FF5-BB034601B399}.Release|Any CPU.Build.0 = Release|Any CPU
	EndGlobalSection
	GlobalSection(SolutionProperties) = preSolution
		HideSolutionNode = FALSE
	EndGlobalSection
	GlobalSection(ExtensibilityGlobals) = postSolution
		SolutionGuid = {E3A295C6-3E4F-4E46-9C23-DCC1EA9E5810}
	EndGlobalSection
EndGlobal
